
Microsoft Visual Studio Solution File, Format Version 12.00
# Visual Studio Version 17
VisualStudioVersion = 17.0.31912.275
MinimumVisualStudioVersion = 10.0.40219.1
Project("{9A19103F-16F7-4668-BE54-9A1E7A4F7556}") = "BlazorCompanyManager", "BlazorCompanyManager\BlazorCompanyManager.csproj", "{1862A520-2B21-4573-AA53-E60B2AC4777B}"
EndProject
Project("{FAE04EC0-301F-11D3-BF4B-00C04F79EFBC}") = "BlazorUtils", "BlazorUtils\BlazorUtils.csproj", "{ADA88493-D789-48CD-8FBD-5F823757218A}"
EndProject
Global
	GlobalSection(SolutionConfigurationPlatforms) = preSolution
		Debug|Any CPU = Debug|Any CPU
		Release|Any CPU = Release|Any CPU
	EndGlobalSection
	GlobalSection(ProjectConfigurationPlatforms) = postSolution
		{1862A520-2B21-4573-AA53-E60B2AC4777B}.Debug|Any CPU.ActiveCfg = Debug|Any CPU
		{1862A520-2B21-4573-AA53-E60B2AC4777B}.Debug|Any CPU.Build.0 = Debug|Any CPU
		{1862A520-2B21-4573-AA53-E60B2AC4777B}.Release|Any CPU.ActiveCfg = Release|Any CPU
		{1862A520-2B21-4573-AA53-E60B2AC4777B}.Release|Any CPU.Build.0 = Release|Any CPU
		{ADA88493-D789-48CD-8FBD-5F823757218A}.Debug|Any CPU.ActiveCfg = Debug|Any CPU
		{ADA88493-D789-48CD-8FBD-5F823757218A}.Debug|Any CPU.Build.0 = Debug|Any CPU
		{ADA88493-D789-48CD-8FBD-5F823757218A}.Release|Any CPU.ActiveCfg = Release|Any CPU
		{ADA88493-D789-48CD-8FBD-5F823757218A}.Release|Any CPU.Build.0 = Release|Any CPU
	EndGlobalSection
	GlobalSection(SolutionProperties) = preSolution
		HideSolutionNode = FALSE
	EndGlobalSection
	GlobalSection(ExtensibilityGlobals) = postSolution
		SolutionGuid = {9D0EFFD0-8752-4268-8A45-B6D2686A0420}
	EndGlobalSection
EndGlobal
